// !$*UTF8*$!
{
	archiveVersion = 1;
	classes = {
	};
	objectVersion = 46;
	objects = {

/* Begin PBXBuildFile section */
		A40CECA21F16D2D100EB6106 /* AppDelegate.swift in Sources */ = {isa = PBXBuildFile; fileRef = A40CECA11F16D2D100EB6106 /* AppDelegate.swift */; };
		A40CECA41F16D2D100EB6106 /* ViewController.swift in Sources */ = {isa = PBXBuildFile; fileRef = A40CECA31F16D2D100EB6106 /* ViewController.swift */; };
		A40CECA71F16D2D100EB6106 /* Main.storyboard in Resources */ = {isa = PBXBuildFile; fileRef = A40CECA51F16D2D100EB6106 /* Main.storyboard */; };
		A40CECA91F16D2D100EB6106 /* Assets.xcassets in Resources */ = {isa = PBXBuildFile; fileRef = A40CECA81F16D2D100EB6106 /* Assets.xcassets */; };
		A40CECAC1F16D2D100EB6106 /* LaunchScreen.storyboard in Resources */ = {isa = PBXBuildFile; fileRef = A40CECAA1F16D2D100EB6106 /* LaunchScreen.storyboard */; };
		A40CECB71F16D2D100EB6106 /* MyMoneyTests.swift in Sources */ = {isa = PBXBuildFile; fileRef = A40CECB61F16D2D100EB6106 /* MyMoneyTests.swift */; };
		A40CECC21F16D2D100EB6106 /* MyMoneyUITests.swift in Sources */ = {isa = PBXBuildFile; fileRef = A40CECC11F16D2D100EB6106 /* MyMoneyUITests.swift */; };
		A4590B7B1F18859300F7E5EA /* br4Kb.png in Resources */ = {isa = PBXBuildFile; fileRef = A4590B6A1F18859200F7E5EA /* br4Kb.png */; };
		A4590B7C1F18859300F7E5EA /* icons8-Bar Chart-25.png in Resources */ = {isa = PBXBuildFile; fileRef = A4590B6B1F18859300F7E5EA /* icons8-Bar Chart-25.png */; };
		A4590B7D1F18859300F7E5EA /* icons8-Cow Filled-100.png in Resources */ = {isa = PBXBuildFile; fileRef = A4590B6C1F18859300F7E5EA /* icons8-Cow Filled-100.png */; };
		A4590B7E1F18859300F7E5EA /* icons8-Farm 2-100 (1).png in Resources */ = {isa = PBXBuildFile; fileRef = A4590B6D1F18859300F7E5EA /* icons8-Farm 2-100 (1).png */; };
		A4590B7F1F18859300F7E5EA /* icons8-Grass-100.png in Resources */ = {isa = PBXBuildFile; fileRef = A4590B6E1F18859300F7E5EA /* icons8-Grass-100.png */; };
		A4590B801F18859300F7E5EA /* icons8-Home-25.png in Resources */ = {isa = PBXBuildFile; fileRef = A4590B6F1F18859300F7E5EA /* icons8-Home-25.png */; };
		A4590B811F18859300F7E5EA /* icons8-Hygrometer Filled-100 (1).png in Resources */ = {isa = PBXBuildFile; fileRef = A4590B701F18859300F7E5EA /* icons8-Hygrometer Filled-100 (1).png */; };
		A4590B821F18859300F7E5EA /* icons8-Insecticide-100.png in Resources */ = {isa = PBXBuildFile; fileRef = A4590B711F18859300F7E5EA /* icons8-Insecticide-100.png */; };
		A4590B831F18859300F7E5EA /* icons8-Low Price-100.png in Resources */ = {isa = PBXBuildFile; fileRef = A4590B721F18859300F7E5EA /* icons8-Low Price-100.png */; };
		A4590B841F18859300F7E5EA /* icons8-Milk Bottle-100 (1).png in Resources */ = {isa = PBXBuildFile; fileRef = A4590B731F18859300F7E5EA /* icons8-Milk Bottle-100 (1).png */; };
		A4590B851F18859300F7E5EA /* icons8-Sack of Flour-100 (1).png in Resources */ = {isa = PBXBuildFile; fileRef = A4590B741F18859300F7E5EA /* icons8-Sack of Flour-100 (1).png */; };
		A4590B871F18859300F7E5EA /* icons8-Syringe-100 (1).png in Resources */ = {isa = PBXBuildFile; fileRef = A4590B761F18859300F7E5EA /* icons8-Syringe-100 (1).png */; };
		A4590B881F18859300F7E5EA /* icons8-Todo List-25.png in Resources */ = {isa = PBXBuildFile; fileRef = A4590B771F18859300F7E5EA /* icons8-Todo List-25.png */; };
		A4590B891F18859300F7E5EA /* icons8-up Price-100 .png in Resources */ = {isa = PBXBuildFile; fileRef = A4590B781F18859300F7E5EA /* icons8-up Price-100 .png */; };
		A4590B8A1F18859300F7E5EA /* icons8-View Module-100.png in Resources */ = {isa = PBXBuildFile; fileRef = A4590B791F18859300F7E5EA /* icons8-View Module-100.png */; };
		A4590B8B1F18859300F7E5EA /* Settings-25.png in Resources */ = {isa = PBXBuildFile; fileRef = A4590B7A1F18859300F7E5EA /* Settings-25.png */; };
/* End PBXBuildFile section */

/* Begin PBXContainerItemProxy section */
		A40CECB31F16D2D100EB6106 /* PBXContainerItemProxy */ = {
			isa = PBXContainerItemProxy;
			containerPortal = A40CEC961F16D2D100EB6106 /* Project object */;
			proxyType = 1;
			remoteGlobalIDString = A40CEC9D1F16D2D100EB6106;
			remoteInfo = MyMoney;
		};
		A40CECBE1F16D2D100EB6106 /* PBXContainerItemProxy */ = {
			isa = PBXContainerItemProxy;
			containerPortal = A40CEC961F16D2D100EB6106 /* Project object */;
			proxyType = 1;
			remoteGlobalIDString = A40CEC9D1F16D2D100EB6106;
			remoteInfo = MyMoney;
		};
/* End PBXContainerItemProxy section */

/* Begin PBXFileReference section */
		A40CEC9E1F16D2D100EB6106 /* MyMoney.app */ = {isa = PBXFileReference; explicitFileType = wrapper.application; includeInIndex = 0; path = MyMoney.app; sourceTree = BUILT_PRODUCTS_DIR; };
		A40CECA11F16D2D100EB6106 /* AppDelegate.swift */ = {isa = PBXFileReference; lastKnownFileType = sourcecode.swift; path = AppDelegate.swift; sourceTree = "<group>"; };
		A40CECA31F16D2D100EB6106 /* ViewController.swift */ = {isa = PBXFileReference; lastKnownFileType = sourcecode.swift; path = ViewController.swift; sourceTree = "<group>"; };
		A40CECA61F16D2D100EB6106 /* Base */ = {isa = PBXFileReference; lastKnownFileType = file.storyboard; name = Base; path = Base.lproj/Main.storyboard; sourceTree = "<group>"; };
		A40CECA81F16D2D100EB6106 /* Assets.xcassets */ = {isa = PBXFileReference; lastKnownFileType = folder.assetcatalog; path = Assets.xcassets; sourceTree = "<group>"; };
		A40CECAB1F16D2D100EB6106 /* Base */ = {isa = PBXFileReference; lastKnownFileType = file.storyboard; name = Base; path = Base.lproj/LaunchScreen.storyboard; sourceTree = "<group>"; };
		A40CECAD1F16D2D100EB6106 /* Info.plist */ = {isa = PBXFileReference; lastKnownFileType = text.plist.xml; path = Info.plist; sourceTree = "<group>"; };
		A40CECB21F16D2D100EB6106 /* MyMoneyTests.xctest */ = {isa = PBXFileReference; explicitFileType = wrapper.cfbundle; includeInIndex = 0; path = MyMoneyTests.xctest; sourceTree = BUILT_PRODUCTS_DIR; };
		A40CECB61F16D2D100EB6106 /* MyMoneyTests.swift */ = {isa = PBXFileReference; lastKnownFileType = sourcecode.swift; path = MyMoneyTests.swift; sourceTree = "<group>"; };
		A40CECB81F16D2D100EB6106 /* Info.plist */ = {isa = PBXFileReference; lastKnownFileType = text.plist.xml; path = Info.plist; sourceTree = "<group>"; };
		A40CECBD1F16D2D100EB6106 /* MyMoneyUITests.xctest */ = {isa = PBXFileReference; explicitFileType = wrapper.cfbundle; includeInIndex = 0; path = MyMoneyUITests.xctest; sourceTree = BUILT_PRODUCTS_DIR; };
		A40CECC11F16D2D100EB6106 /* MyMoneyUITests.swift */ = {isa = PBXFileReference; lastKnownFileType = sourcecode.swift; path = MyMoneyUITests.swift; sourceTree = "<group>"; };
		A40CECC31F16D2D100EB6106 /* Info.plist */ = {isa = PBXFileReference; lastKnownFileType = text.plist.xml; path = Info.plist; sourceTree = "<group>"; };
		A4590B6A1F18859200F7E5EA /* br4Kb.png */ = {isa = PBXFileReference; lastKnownFileType = image.png; path = br4Kb.png; sourceTree = "<group>"; };
		A4590B6B1F18859300F7E5EA /* icons8-Bar Chart-25.png */ = {isa = PBXFileReference; lastKnownFileType = image.png; path = "icons8-Bar Chart-25.png"; sourceTree = "<group>"; };
		A4590B6C1F18859300F7E5EA /* icons8-Cow Filled-100.png */ = {isa = PBXFileReference; lastKnownFileType = image.png; path = "icons8-Cow Filled-100.png"; sourceTree = "<group>"; };
		A4590B6D1F18859300F7E5EA /* icons8-Farm 2-100 (1).png */ = {isa = PBXFileReference; lastKnownFileType = image.png; path = "icons8-Farm 2-100 (1).png"; sourceTree = "<group>"; };
		A4590B6E1F18859300F7E5EA /* icons8-Grass-100.png */ = {isa = PBXFileReference; lastKnownFileType = image.png; path = "icons8-Grass-100.png"; sourceTree = "<group>"; };
		A4590B6F1F18859300F7E5EA /* icons8-Home-25.png */ = {isa = PBXFileReference; lastKnownFileType = image.png; path = "icons8-Home-25.png"; sourceTree = "<group>"; };
		A4590B701F18859300F7E5EA /* icons8-Hygrometer Filled-100 (1).png */ = {isa = PBXFileReference; lastKnownFileType = image.png; path = "icons8-Hygrometer Filled-100 (1).png"; sourceTree = "<group>"; };
		A4590B711F18859300F7E5EA /* icons8-Insecticide-100.png */ = {isa = PBXFileReference; lastKnownFileType = image.png; path = "icons8-Insecticide-100.png"; sourceTree = "<group>"; };
		A4590B721F18859300F7E5EA /* icons8-Low Price-100.png */ = {isa = PBXFileReference; lastKnownFileType = image.png; path = "icons8-Low Price-100.png"; sourceTree = "<group>"; };
		A4590B731F18859300F7E5EA /* icons8-Milk Bottle-100 (1).png */ = {isa = PBXFileReference; lastKnownFileType = image.png; path = "icons8-Milk Bottle-100 (1).png"; sourceTree = "<group>"; };
		A4590B741F18859300F7E5EA /* icons8-Sack of Flour-100 (1).png */ = {isa = PBXFileReference; lastKnownFileType = image.png; path = "icons8-Sack of Flour-100 (1).png"; sourceTree = "<group>"; };
		A4590B761F18859300F7E5EA /* icons8-Syringe-100 (1).png */ = {isa = PBXFileReference; lastKnownFileType = image.png; path = "icons8-Syringe-100 (1).png"; sourceTree = "<group>"; };
		A4590B771F18859300F7E5EA /* icons8-Todo List-25.png */ = {isa = PBXFileReference; lastKnownFileType = image.png; path = "icons8-Todo List-25.png"; sourceTree = "<group>"; };
		A4590B781F18859300F7E5EA /* icons8-up Price-100 .png */ = {isa = PBXFileReference; lastKnownFileType = image.png; path = "icons8-up Price-100 .png"; sourceTree = "<group>"; };
		A4590B791F18859300F7E5EA /* icons8-View Module-100.png */ = {isa = PBXFileReference; lastKnownFileType = image.png; path = "icons8-View Module-100.png"; sourceTree = "<group>"; };
		A4590B7A1F18859300F7E5EA /* Settings-25.png */ = {isa = PBXFileReference; lastKnownFileType = image.png; path = "Settings-25.png"; sourceTree = "<group>"; };
/* End PBXFileReference section */

/* Begin PBXFrameworksBuildPhase section */
		A40CEC9B1F16D2D100EB6106 /* Frameworks */ = {
			isa = PBXFrameworksBuildPhase;
			buildActionMask = 2147483647;
			files = (
			);
			runOnlyForDeploymentPostprocessing = 0;
		};
		A40CECAF1F16D2D100EB6106 /* Frameworks */ = {
			isa = PBXFrameworksBuildPhase;
			buildActionMask = 2147483647;
			files = (
			);
			runOnlyForDeploymentPostprocessing = 0;
		};
		A40CECBA1F16D2D100EB6106 /* Frameworks */ = {
			isa = PBXFrameworksBuildPhase;
			buildActionMask = 2147483647;
			files = (
			);
			runOnlyForDeploymentPostprocessing = 0;
		};
/* End PBXFrameworksBuildPhase section */

/* Begin PBXGroup section */
		A40CEC951F16D2D100EB6106 = {
			isa = PBXGroup;
			children = (
				A40CECA01F16D2D100EB6106 /* MyMoney */,
				A40CECB51F16D2D100EB6106 /* MyMoneyTests */,
				A40CECC01F16D2D100EB6106 /* MyMoneyUITests */,
				A40CEC9F1F16D2D100EB6106 /* Products */,
			);
			sourceTree = "<group>";
		};
		A40CEC9F1F16D2D100EB6106 /* Products */ = {
			isa = PBXGroup;
			children = (
				A40CEC9E1F16D2D100EB6106 /* MyMoney.app */,
				A40CECB21F16D2D100EB6106 /* MyMoneyTests.xctest */,
				A40CECBD1F16D2D100EB6106 /* MyMoneyUITests.xctest */,
			);
			name = Products;
			sourceTree = "<group>";
		};
		A40CECA01F16D2D100EB6106 /* MyMoney */ = {
			isa = PBXGroup;
			children = (
				A4B2C05B1F17FF38009EDD03 /* Img */,
				A4B2C05C1F17FF38009EDD03 /* Viewcontrollers */,
				A40CECA11F16D2D100EB6106 /* AppDelegate.swift */,
				A40CECA31F16D2D100EB6106 /* ViewController.swift */,
				A40CECA51F16D2D100EB6106 /* Main.storyboard */,
				A40CECA81F16D2D100EB6106 /* Assets.xcassets */,
				A40CECAA1F16D2D100EB6106 /* LaunchScreen.storyboard */,
				A40CECAD1F16D2D100EB6106 /* Info.plist */,
			);
			path = MyMoney;
			sourceTree = "<group>";
		};
		A40CECB51F16D2D100EB6106 /* MyMoneyTests */ = {
			isa = PBXGroup;
			children = (
				A40CECB61F16D2D100EB6106 /* MyMoneyTests.swift */,
				A40CECB81F16D2D100EB6106 /* Info.plist */,
			);
			path = MyMoneyTests;
			sourceTree = "<group>";
		};
		A40CECC01F16D2D100EB6106 /* MyMoneyUITests */ = {
			isa = PBXGroup;
			children = (
				A40CECC11F16D2D100EB6106 /* MyMoneyUITests.swift */,
				A40CECC31F16D2D100EB6106 /* Info.plist */,
			);
			path = MyMoneyUITests;
			sourceTree = "<group>";
		};
		A4B2C05B1F17FF38009EDD03 /* Img */ = {
			isa = PBXGroup;
			children = (
				A4590B6A1F18859200F7E5EA /* br4Kb.png */,
				A4590B6B1F18859300F7E5EA /* icons8-Bar Chart-25.png */,
				A4590B6C1F18859300F7E5EA /* icons8-Cow Filled-100.png */,
				A4590B6D1F18859300F7E5EA /* icons8-Farm 2-100 (1).png */,
				A4590B6E1F18859300F7E5EA /* icons8-Grass-100.png */,
				A4590B6F1F18859300F7E5EA /* icons8-Home-25.png */,
				A4590B701F18859300F7E5EA /* icons8-Hygrometer Filled-100 (1).png */,
				A4590B711F18859300F7E5EA /* icons8-Insecticide-100.png */,
				A4590B721F18859300F7E5EA /* icons8-Low Price-100.png */,
				A4590B731F18859300F7E5EA /* icons8-Milk Bottle-100 (1).png */,
				A4590B741F18859300F7E5EA /* icons8-Sack of Flour-100 (1).png */,
				A4590B761F18859300F7E5EA /* icons8-Syringe-100 (1).png */,
				A4590B771F18859300F7E5EA /* icons8-Todo List-25.png */,
				A4590B781F18859300F7E5EA /* icons8-up Price-100 .png */,
				A4590B791F18859300F7E5EA /* icons8-View Module-100.png */,
				A4590B7A1F18859300F7E5EA /* Settings-25.png */,
			);
			path = Img;
			sourceTree = "<group>";
		};
		A4B2C05C1F17FF38009EDD03 /* Viewcontrollers */ = {
			isa = PBXGroup;
			children = (
			);
			path = Viewcontrollers;
			sourceTree = "<group>";
		};
/* End PBXGroup section */

/* Begin PBXNativeTarget section */
		A40CEC9D1F16D2D100EB6106 /* MyMoney */ = {
			isa = PBXNativeTarget;
			buildConfigurationList = A40CECC61F16D2D100EB6106 /* Build configuration list for PBXNativeTarget "MyMoney" */;
			buildPhases = (
				A40CEC9A1F16D2D100EB6106 /* Sources */,
				A40CEC9B1F16D2D100EB6106 /* Frameworks */,
				A40CEC9C1F16D2D100EB6106 /* Resources */,
			);
			buildRules = (
			);
			dependencies = (
			);
			name = MyMoney;
			productName = MyMoney;
			productReference = A40CEC9E1F16D2D100EB6106 /* MyMoney.app */;
			productType = "com.apple.product-type.application";
		};
		A40CECB11F16D2D100EB6106 /* MyMoneyTests */ = {
			isa = PBXNativeTarget;
			buildConfigurationList = A40CECC91F16D2D100EB6106 /* Build configuration list for PBXNativeTarget "MyMoneyTests" */;
			buildPhases = (
				A40CECAE1F16D2D100EB6106 /* Sources */,
				A40CECAF1F16D2D100EB6106 /* Frameworks */,
				A40CECB01F16D2D100EB6106 /* Resources */,
			);
			buildRules = (
			);
			dependencies = (
				A40CECB41F16D2D100EB6106 /* PBXTargetDependency */,
			);
			name = MyMoneyTests;
			productName = MyMoneyTests;
			productReference = A40CECB21F16D2D100EB6106 /* MyMoneyTests.xctest */;
			productType = "com.apple.product-type.bundle.unit-test";
		};
		A40CECBC1F16D2D100EB6106 /* MyMoneyUITests */ = {
			isa = PBXNativeTarget;
			buildConfigurationList = A40CECCC1F16D2D100EB6106 /* Build configuration list for PBXNativeTarget "MyMoneyUITests" */;
			buildPhases = (
				A40CECB91F16D2D100EB6106 /* Sources */,
				A40CECBA1F16D2D100EB6106 /* Frameworks */,
				A40CECBB1F16D2D100EB6106 /* Resources */,
			);
			buildRules = (
			);
			dependencies = (
				A40CECBF1F16D2D100EB6106 /* PBXTargetDependency */,
			);
			name = MyMoneyUITests;
			productName = MyMoneyUITests;
			productReference = A40CECBD1F16D2D100EB6106 /* MyMoneyUITests.xctest */;
			productType = "com.apple.product-type.bundle.ui-testing";
		};
/* End PBXNativeTarget section */

/* Begin PBXProject section */
		A40CEC961F16D2D100EB6106 /* Project object */ = {
			isa = PBXProject;
			attributes = {
				LastSwiftUpdateCheck = 0830;
				LastUpgradeCheck = 0830;
				ORGANIZATIONNAME = "Guilhermy William";
				TargetAttributes = {
					A40CEC9D1F16D2D100EB6106 = {
						CreatedOnToolsVersion = 8.3.3;
						DevelopmentTeam = 6H5G2F72ET;
						ProvisioningStyle = Automatic;
					};
					A40CECB11F16D2D100EB6106 = {
						CreatedOnToolsVersion = 8.3.3;
						DevelopmentTeam = 6H5G2F72ET;
						ProvisioningStyle = Automatic;
						TestTargetID = A40CEC9D1F16D2D100EB6106;
					};
					A40CECBC1F16D2D100EB6106 = {
						CreatedOnToolsVersion = 8.3.3;
						DevelopmentTeam = 6H5G2F72ET;
						ProvisioningStyle = Automatic;
						TestTargetID = A40CEC9D1F16D2D100EB6106;
					};
				};
			};
			buildConfigurationList = A40CEC991F16D2D100EB6106 /* Build configuration list for PBXProject "MyMoney" */;
			compatibilityVersion = "Xcode 3.2";
			developmentRegion = English;
			hasScannedForEncodings = 0;
			knownRegions = (
				en,
				Base,
			);
			mainGroup = A40CEC951F16D2D100EB6106;
			productRefGroup = A40CEC9F1F16D2D100EB6106 /* Products */;
			projectDirPath = "";
			projectRoot = "";
			targets = (
				A40CEC9D1F16D2D100EB6106 /* MyMoney */,
				A40CECB11F16D2D100EB6106 /* MyMoneyTests */,
				A40CECBC1F16D2D100EB6106 /* MyMoneyUITests */,
			);
		};
/* End PBXProject section */

/* Begin PBXResourcesBuildPhase section */
		A40CEC9C1F16D2D100EB6106 /* Resources */ = {
			isa = PBXResourcesBuildPhase;
			buildActionMask = 2147483647;
			files = (
				A40CECAC1F16D2D100EB6106 /* LaunchScreen.storyboard in Resources */,
				A4590B7B1F18859300F7E5EA /* br4Kb.png in Resources */,
				A4590B891F18859300F7E5EA /* icons8-up Price-100 .png in Resources */,
				A4590B881F18859300F7E5EA /* icons8-Todo List-25.png in Resources */,
				A4590B811F18859300F7E5EA /* icons8-Hygrometer Filled-100 (1).png in Resources */,
				A40CECA91F16D2D100EB6106 /* Assets.xcassets in Resources */,
				A4590B7C1F18859300F7E5EA /* icons8-Bar Chart-25.png in Resources */,
				A4590B7D1F18859300F7E5EA /* icons8-Cow Filled-100.png in Resources */,
				A4590B801F18859300F7E5EA /* icons8-Home-25.png in Resources */,
				A4590B831F18859300F7E5EA /* icons8-Low Price-100.png in Resources */,
				A4590B821F18859300F7E5EA /* icons8-Insecticide-100.png in Resources */,
				A40CECA71F16D2D100EB6106 /* Main.storyboard in Resources */,
				A4590B851F18859300F7E5EA /* icons8-Sack of Flour-100 (1).png in Resources */,
				A4590B8A1F18859300F7E5EA /* icons8-View Module-100.png in Resources */,
				A4590B841F18859300F7E5EA /* icons8-Milk Bottle-100 (1).png in Resources */,
				A4590B7F1F18859300F7E5EA /* icons8-Grass-100.png in Resources */,
				A4590B7E1F18859300F7E5EA /* icons8-Farm 2-100 (1).png in Resources */,
				A4590B871F18859300F7E5EA /* icons8-Syringe-100 (1).png in Resources */,
				A4590B8B1F18859300F7E5EA /* Settings-25.png in Resources */,
			);
			runOnlyForDeploymentPostprocessing = 0;
		};
		A40CECB01F16D2D100EB6106 /* Resources */ = {
			isa = PBXResourcesBuildPhase;
			buildActionMask = 2147483647;
			files = (
			);
			runOnlyForDeploymentPostprocessing = 0;
		};
		A40CECBB1F16D2D100EB6106 /* Resources */ = {
			isa = PBXResourcesBuildPhase;
			buildActionMask = 2147483647;
			files = (
			);
			runOnlyForDeploymentPostprocessing = 0;
		};
/* End PBXResourcesBuildPhase section */

/* Begin PBXSourcesBuildPhase section */
		A40CEC9A1F16D2D100EB6106 /* Sources */ = {
			isa = PBXSourcesBuildPhase;
			buildActionMask = 2147483647;
			files = (
				A40CECA41F16D2D100EB6106 /* ViewController.swift in Sources */,
				A40CECA21F16D2D100EB6106 /* AppDelegate.swift in Sources */,
			);
			runOnlyForDeploymentPostprocessing = 0;
		};
		A40CECAE1F16D2D100EB6106 /* Sources */ = {
			isa = PBXSourcesBuildPhase;
			buildActionMask = 2147483647;
			files = (
				A40CECB71F16D2D100EB6106 /* MyMoneyTests.swift in Sources */,
			);
			runOnlyForDeploymentPostprocessing = 0;
		};
		A40CECB91F16D2D100EB6106 /* Sources */ = {
			isa = PBXSourcesBuildPhase;
			buildActionMask = 2147483647;
			files = (
				A40CECC21F16D2D100EB6106 /* MyMoneyUITests.swift in Sources */,
			);
			runOnlyForDeploymentPostprocessing = 0;
		};
/* End PBXSourcesBuildPhase section */

/* Begin PBXTargetDependency section */
		A40CECB41F16D2D100EB6106 /* PBXTargetDependency */ = {
			isa = PBXTargetDependency;
			target = A40CEC9D1F16D2D100EB6106 /* MyMoney */;
			targetProxy = A40CECB31F16D2D100EB6106 /* PBXContainerItemProxy */;
		};
		A40CECBF1F16D2D100EB6106 /* PBXTargetDependency */ = {
			isa = PBXTargetDependency;
			target = A40CEC9D1F16D2D100EB6106 /* MyMoney */;
			targetProxy = A40CECBE1F16D2D100EB6106 /* PBXContainerItemProxy */;
		};
/* End PBXTargetDependency section */

/* Begin PBXVariantGroup section */
		A40CECA51F16D2D100EB6106 /* Main.storyboard */ = {
			isa = PBXVariantGroup;
			children = (
				A40CECA61F16D2D100EB6106 /* Base */,
			);
			name = Main.storyboard;
			sourceTree = "<group>";
		};
		A40CECAA1F16D2D100EB6106 /* LaunchScreen.storyboard */ = {
			isa = PBXVariantGroup;
			children = (
				A40CECAB1F16D2D100EB6106 /* Base */,
			);
			name = LaunchScreen.storyboard;
			sourceTree = "<group>";
		};
/* End PBXVariantGroup section */

/* Begin XCBuildConfiguration section */
		A40CECC41F16D2D100EB6106 /* Debug */ = {
			isa = XCBuildConfiguration;
			buildSettings = {
				ALWAYS_SEARCH_USER_PATHS = NO;
				CLANG_ANALYZER_NONNULL = YES;
				CLANG_ANALYZER_NUMBER_OBJECT_CONVERSION = YES_AGGRESSIVE;
				CLANG_CXX_LANGUAGE_STANDARD = "gnu++0x";
				CLANG_CXX_LIBRARY = "libc++";
				CLANG_ENABLE_MODULES = YES;
				CLANG_ENABLE_OBJC_ARC = YES;
				CLANG_WARN_BOOL_CONVERSION = YES;
				CLANG_WARN_CONSTANT_CONVERSION = YES;
				CLANG_WARN_DIRECT_OBJC_ISA_USAGE = YES_ERROR;
				CLANG_WARN_DOCUMENTATION_COMMENTS = YES;
				CLANG_WARN_EMPTY_BODY = YES;
				CLANG_WARN_ENUM_CONVERSION = YES;
				CLANG_WARN_INFINITE_RECURSION = YES;
				CLANG_WARN_INT_CONVERSION = YES;
				CLANG_WARN_OBJC_ROOT_CLASS = YES_ERROR;
				CLANG_WARN_SUSPICIOUS_MOVE = YES;
				CLANG_WARN_UNREACHABLE_CODE = YES;
				CLANG_WARN__DUPLICATE_METHOD_MATCH = YES;
				"CODE_SIGN_IDENTITY[sdk=iphoneos*]" = "iPhone Developer";
				COPY_PHASE_STRIP = NO;
				DEBUG_INFORMATION_FORMAT = dwarf;
				ENABLE_STRICT_OBJC_MSGSEND = YES;
				ENABLE_TESTABILITY = YES;
				GCC_C_LANGUAGE_STANDARD = gnu99;
				GCC_DYNAMIC_NO_PIC = NO;
				GCC_NO_COMMON_BLOCKS = YES;
				GCC_OPTIMIZATION_LEVEL = 0;
				GCC_PREPROCESSOR_DEFINITIONS = (
					"DEBUG=1",
					"$(inherited)",
				);
				GCC_WARN_64_TO_32_BIT_CONVERSION = YES;
				GCC_WARN_ABOUT_RETURN_TYPE = YES_ERROR;
				GCC_WARN_UNDECLARED_SELECTOR = YES;
				GCC_WARN_UNINITIALIZED_AUTOS = YES_AGGRESSIVE;
				GCC_WARN_UNUSED_FUNCTION = YES;
				GCC_WARN_UNUSED_VARIABLE = YES;
				IPHONEOS_DEPLOYMENT_TARGET = 10.3;
				MTL_ENABLE_DEBUG_INFO = YES;
				ONLY_ACTIVE_ARCH = YES;
				SDKROOT = iphoneos;
				SWIFT_ACTIVE_COMPILATION_CONDITIONS = DEBUG;
				SWIFT_OPTIMIZATION_LEVEL = "-Onone";
				TARGETED_DEVICE_FAMILY = "1,2";
			};
			name = Debug;
		};
		A40CECC51F16D2D100EB6106 /* Release */ = {
			isa = XCBuildConfiguration;
			buildSettings = {
				ALWAYS_SEARCH_USER_PATHS = NO;
				CLANG_ANALYZER_NONNULL = YES;
				CLANG_ANALYZER_NUMBER_OBJECT_CONVERSION = YES_AGGRESSIVE;
				CLANG_CXX_LANGUAGE_STANDARD = "gnu++0x";
				CLANG_CXX_LIBRARY = "libc++";
				CLANG_ENABLE_MODULES = YES;
				CLANG_ENABLE_OBJC_ARC = YES;
				CLANG_WARN_BOOL_CONVERSION = YES;
				CLANG_WARN_CONSTANT_CONVERSION = YES;
				CLANG_WARN_DIRECT_OBJC_ISA_USAGE = YES_ERROR;
				CLANG_WARN_DOCUMENTATION_COMMENTS = YES;
				CLANG_WARN_EMPTY_BODY = YES;
				CLANG_WARN_ENUM_CONVERSION = YES;
				CLANG_WARN_INFINITE_RECURSION = YES;
				CLANG_WARN_INT_CONVERSION = YES;
				CLANG_WARN_OBJC_ROOT_CLASS = YES_ERROR;
				CLANG_WARN_SUSPICIOUS_MOVE = YES;
				CLANG_WARN_UNREACHABLE_CODE = YES;
				CLANG_WARN__DUPLICATE_METHOD_MATCH = YES;
				"CODE_SIGN_IDENTITY[sdk=iphoneos*]" = "iPhone Developer";
				COPY_PHASE_STRIP = NO;
				DEBUG_INFORMATION_FORMAT = "dwarf-with-dsym";
				ENABLE_NS_ASSERTIONS = NO;
				ENABLE_STRICT_OBJC_MSGSEND = YES;
				GCC_C_LANGUAGE_STANDARD = gnu99;
				GCC_NO_COMMON_BLOCKS = YES;
				GCC_WARN_64_TO_32_BIT_CONVERSION = YES;
				GCC_WARN_ABOUT_RETURN_TYPE = YES_ERROR;
				GCC_WARN_UNDECLARED_SELECTOR = YES;
				GCC_WARN_UNINITIALIZED_AUTOS = YES_AGGRESSIVE;
				GCC_WARN_UNUSED_FUNCTION = YES;
				GCC_WARN_UNUSED_VARIABLE = YES;
				IPHONEOS_DEPLOYMENT_TARGET = 10.3;
				MTL_ENABLE_DEBUG_INFO = NO;
				SDKROOT = iphoneos;
				SWIFT_OPTIMIZATION_LEVEL = "-Owholemodule";
				TARGETED_DEVICE_FAMILY = "1,2";
				VALIDATE_PRODUCT = YES;
			};
			name = Release;
		};
		A40CECC71F16D2D100EB6106 /* Debug */ = {
			isa = XCBuildConfiguration;
			buildSettings = {
				ASSETCATALOG_COMPILER_APPICON_NAME = AppIcon;
				DEVELOPMENT_TEAM = 6H5G2F72ET;
				INFOPLIST_FILE = MyMoney/Info.plist;
				IPHONEOS_DEPLOYMENT_TARGET = 8.0;
				LD_RUNPATH_SEARCH_PATHS = "$(inherited) @executable_path/Frameworks";
				PRODUCT_BUNDLE_IDENTIFIER = com.GuiDev.MinhaFazenda;
				PRODUCT_NAME = "$(TARGET_NAME)";
				SWIFT_VERSION = 3.0;
			};
			name = Debug;
		};
		A40CECC81F16D2D100EB6106 /* Release */ = {
			isa = XCBuildConfiguration;
			buildSettings = {
				ASSETCATALOG_COMPILER_APPICON_NAME = AppIcon;
				DEVELOPMENT_TEAM = 6H5G2F72ET;
				INFOPLIST_FILE = MyMoney/Info.plist;
				IPHONEOS_DEPLOYMENT_TARGET = 8.0;
				LD_RUNPATH_SEARCH_PATHS = "$(inherited) @executable_path/Frameworks";
				PRODUCT_BUNDLE_IDENTIFIER = com.GuiDev.MinhaFazenda;
				PRODUCT_NAME = "$(TARGET_NAME)";
				SWIFT_VERSION = 3.0;
			};
			name = Release;
		};
		A40CECCA1F16D2D100EB6106 /* Debug */ = {
			isa = XCBuildConfiguration;
			buildSettings = {
				ALWAYS_EMBED_SWIFT_STANDARD_LIBRARIES = YES;
				BUNDLE_LOADER = "$(TEST_HOST)";
				DEVELOPMENT_TEAM = 6H5G2F72ET;
				INFOPLIST_FILE = MyMoneyTests/Info.plist;
				LD_RUNPATH_SEARCH_PATHS = "$(inherited) @executable_path/Frameworks @loader_path/Frameworks";
				PRODUCT_BUNDLE_IDENTIFIER = com.GuiDev.MyMoneyTests;
				PRODUCT_NAME = "$(TARGET_NAME)";
				SWIFT_VERSION = 3.0;
				TEST_HOST = "$(BUILT_PRODUCTS_DIR)/MyMoney.app/MyMoney";
			};
			name = Debug;
		};
		A40CECCB1F16D2D100EB6106 /* Release */ = {
			isa = XCBuildConfiguration;
			buildSettings = {
				ALWAYS_EMBED_SWIFT_STANDARD_LIBRARIES = YES;
				BUNDLE_LOADER = "$(TEST_HOST)";
				DEVELOPMENT_TEAM = 6H5G2F72ET;
				INFOPLIST_FILE = MyMoneyTests/Info.plist;
				LD_RUNPATH_SEARCH_PATHS = "$(inherited) @executable_path/Frameworks @loader_path/Frameworks";
				PRODUCT_BUNDLE_IDENTIFIER = com.GuiDev.MyMoneyTests;
				PRODUCT_NAME = "$(TARGET_NAME)";
				SWIFT_VERSION = 3.0;
				TEST_HOST = "$(BUILT_PRODUCTS_DIR)/MyMoney.app/MyMoney";
			};
			name = Release;
		};
		A40CECCD1F16D2D100EB6106 /* Debug */ = {
			isa = XCBuildConfiguration;
			buildSettings = {
				ALWAYS_EMBED_SWIFT_STANDARD_LIBRARIES = YES;
				DEVELOPMENT_TEAM = 6H5G2F72ET;
				INFOPLIST_FILE = MyMoneyUITests/Info.plist;
				LD_RUNPATH_SEARCH_PATHS = "$(inherited) @executable_path/Frameworks @loader_path/Frameworks";
				PRODUCT_BUNDLE_IDENTIFIER = com.GuiDev.MyMoneyUITests;
				PRODUCT_NAME = "$(TARGET_NAME)";
				SWIFT_VERSION = 3.0;
				TEST_TARGET_NAME = MyMoney;
			};
			name = Debug;
		};
		A40CECCE1F16D2D100EB6106 /* Release */ = {
			isa = XCBuildConfiguration;
			buildSettings = {
				ALWAYS_EMBED_SWIFT_STANDARD_LIBRARIES = YES;
				DEVELOPMENT_TEAM = 6H5G2F72ET;
				INFOPLIST_FILE = MyMoneyUITests/Info.plist;
				LD_RUNPATH_SEARCH_PATHS = "$(inherited) @executable_path/Frameworks @loader_path/Frameworks";
				PRODUCT_BUNDLE_IDENTIFIER = com.GuiDev.MyMoneyUITests;
				PRODUCT_NAME = "$(TARGET_NAME)";
				SWIFT_VERSION = 3.0;
				TEST_TARGET_NAME = MyMoney;
			};
			name = Release;
		};
/* End XCBuildConfiguration section */

/* Begin XCConfigurationList section */
		A40CEC991F16D2D100EB6106 /* Build configuration list for PBXProject "MyMoney" */ = {
			isa = XCConfigurationList;
			buildConfigurations = (
				A40CECC41F16D2D100EB6106 /* Debug */,
				A40CECC51F16D2D100EB6106 /* Release */,
			);
			defaultConfigurationIsVisible = 0;
			defaultConfigurationName = Release;
		};
		A40CECC61F16D2D100EB6106 /* Build configuration list for PBXNativeTarget "MyMoney" */ = {
			isa = XCConfigurationList;
			buildConfigurations = (
				A40CECC71F16D2D100EB6106 /* Debug */,
				A40CECC81F16D2D100EB6106 /* Release */,
			);
			defaultConfigurationIsVisible = 0;
			defaultConfigurationName = Release;
		};
		A40CECC91F16D2D100EB6106 /* Build configuration list for PBXNativeTarget "MyMoneyTests" */ = {
			isa = XCConfigurationList;
			buildConfigurations = (
				A40CECCA1F16D2D100EB6106 /* Debug */,
				A40CECCB1F16D2D100EB6106 /* Release */,
			);
			defaultConfigurationIsVisible = 0;
			defaultConfigurationName = Release;
		};
		A40CECCC1F16D2D100EB6106 /* Build configuration list for PBXNativeTarget "MyMoneyUITests" */ = {
			isa = XCConfigurationList;
			buildConfigurations = (
				A40CECCD1F16D2D100EB6106 /* Debug */,
				A40CECCE1F16D2D100EB6106 /* Release */,
			);
			defaultConfigurationIsVisible = 0;
			defaultConfigurationName = Release;
		};
/* End XCConfigurationList section */
	};
	rootObject = A40CEC961F16D2D100EB6106 /* Project object */;
}
